<?xml version="1.0" encoding="UTF-8"?>
<Scheme
   LastUpgradeVersion = "1230"
   version = "1.3">
   <BuildAction
      parallelizeBuildables = "YES"
      buildImplicitDependencies = "YES">
      <BuildActionEntries>
         <BuildActionEntry
            buildForTesting = "YES"
            buildForRunning = "YES"
            buildForProfiling = "YES"
            buildForArchiving = "YES"
            buildForAnalyzing = "YES">
            <BuildableReference
               BuildableIdentifier = "primary"
               BlueprintIdentifier = "332E6CE625971C7100770701"
               BuildableName = "NetworkModularization.app"
               BlueprintName = "NetworkModularization"
               ReferencedContainer = "container:NetworkModularization.xcodeproj">
            </BuildableReference>
         </BuildActionEntry>
      </BuildActionEntries>
   </BuildAction>
   <TestAction
      buildConfiguration = "Debug"
      selectedDebuggerIdentifier = "Xcode.DebuggerFoundation.Debugger.LLDB"
      selectedLauncherIdentifier = "Xcode.DebuggerFoundation.Launcher.LLDB"
      shouldUseLaunchSchemeArgsEnv = "YES"
      codeCoverageEnabled = "YES"
      onlyGenerateCoverageForSpecifiedTargets = "YES">
      <CodeCoverageTargets>
         <BuildableReference
            BuildableIdentifier = "primary"
            BlueprintIdentifier = "332E6CE625971C7100770701"
            BuildableName = "NetworkModularization.app"
            BlueprintName = "NetworkModularization"
            ReferencedContainer = "container:NetworkModularization.xcodeproj">
         </BuildableReference>
      </CodeCoverageTargets>
      <Testables>
         <TestableReference
            skipped = "NO"
            testExecutionOrdering = "random">
            <BuildableReference
               BuildableIdentifier = "primary"
               BlueprintIdentifier = "332E6CFC25971C7500770701"
               BuildableName = "NetworkModularizationTests.xctest"
               BlueprintName = "NetworkModularizationTests"
               ReferencedContainer = "container:NetworkModularization.xcodeproj">
            </BuildableReference>
         </TestableReference>
         <TestableReference
            skipped = "NO">
            <BuildableReference
               BuildableIdentifier = "primary"
               BlueprintIdentifier = "332E6D0725971C7500770701"
               BuildableName = ".xctest"
               BlueprintName = "NetworkModularizationUITests"
               ReferencedContainer = "container:NetworkModularization.xcodeproj">
            </BuildableReference>
         </TestableReference>
         <TestableReference
            skipped = "NO">
            <BuildableReference
               BuildableIdentifier = "primary"
               BlueprintIdentifier = "33DCDAB425A8B85E00AD1495"
               BuildableName = "NetworkModularizationEnd2EndTests.xctest"
               BlueprintName = "NetworkModularizationEnd2EndTests"
               ReferencedContainer = "container:NetworkModularization.xcodeproj">
            </BuildableReference>
         </TestableReference>
         <TestableReference
            skipped = "NO">
            <BuildableReference
               BuildableIdentifier = "primary"
               BlueprintIdentifier = "33BBB52E25A97D3200AA0A7D"
               BuildableName = "NetworkModularizationEndToEndTests.xctest"
               BlueprintName = "NetworkModularizationEndToEndTests"
               ReferencedContainer = "container:NetworkModularization.xcodeproj">
            </BuildableReference>
         </TestableReference>
         <TestableReference
            skipped = "NO">
            <BuildableReference
               BuildableIdentifier = "primary"
               BlueprintIdentifier = "33E833BF25F10513008189C4"
               BuildableName = "NetworkModularizationIntegrationTests.xctest"
               BlueprintName = "NetworkModularizationIntegrationTests"
               ReferencedContainer = "container:NetworkModularization.xcodeproj">
            </BuildableReference>
         </TestableReference>
         <TestableReference
            skipped = "NO">
            <BuildableReference
               BuildableIdentifier = "primary"
               BlueprintIdentifier = "33E833D625F10566008189C4"
               BuildableName = "NetworkModularizationCacheIntegrationTests.xctest"
               BlueprintName = "NetworkModularizationCacheIntegrationTests"
               ReferencedContainer = "container:NetworkModularization.xcodeproj">
            </BuildableReference>
         </TestableReference>
      </Testables>
   </TestAction>
   <LaunchAction
      buildConfiguration = "Debug"
      selectedDebuggerIdentifier = "Xcode.DebuggerFoundation.Debugger.LLDB"
      selectedLauncherIdentifier = "Xcode.DebuggerFoundation.Launcher.LLDB"
      launchStyle = "0"
      useCustomWorkingDirectory = "NO"
      ignoresPersistentStateOnLaunch = "NO"
      debugDocumentVersioning = "YES"
      debugServiceExtension = "internal"
      allowLocationSimulation = "YES">
      <BuildableProductRunnable
         runnableDebuggingMode = "0">
         <BuildableReference
            BuildableIdentifier = "primary"
            BlueprintIdentifier = "332E6CE625971C7100770701"
            BuildableName = "NetworkModularization.app"
            BlueprintName = "NetworkModularization"
            ReferencedContainer = "container:NetworkModularization.xcodeproj">
         </BuildableReference>
      </BuildableProductRunnable>
   </LaunchAction>
   <ProfileAction
      buildConfiguration = "Release"
      shouldUseLaunchSchemeArgsEnv = "YES"
      savedToolIdentifier = ""
      useCustomWorkingDirectory = "NO"
      debugDocumentVersioning = "YES">
      <BuildableProductRunnable
         runnableDebuggingMode = "0">
         <BuildableReference
            BuildableIdentifier = "primary"
            BlueprintIdentifier = "332E6CE625971C7100770701"
            BuildableName = "NetworkModularization.app"
            BlueprintName = "NetworkModularization"
            ReferencedContainer = "container:NetworkModularization.xcodeproj">
         </BuildableReference>
      </BuildableProductRunnable>
   </ProfileAction>
   <AnalyzeAction
      buildConfiguration = "Debug">
   </AnalyzeAction>
   <ArchiveAction
      buildConfiguration = "Release"
      revealArchiveInOrganizer = "YES">
   </ArchiveAction>
</Scheme>
