// !$*UTF8*$!
{
	archiveVersion = 1;
	classes = {
	};
	objectVersion = 50;
	objects = {

/* Begin PBXBuildFile section */
		332E6CEB25971C7100770701 /* AppDelegate.swift in Sources */ = {isa = PBXBuildFile; fileRef = 332E6CEA25971C7100770701 /* AppDelegate.swift */; };
		332E6CED25971C7100770701 /* SceneDelegate.swift in Sources */ = {isa = PBXBuildFile; fileRef = 332E6CEC25971C7100770701 /* SceneDelegate.swift */; };
		332E6CEF25971C7100770701 /* ViewController.swift in Sources */ = {isa = PBXBuildFile; fileRef = 332E6CEE25971C7100770701 /* ViewController.swift */; };
		332E6CF225971C7100770701 /* Main.storyboard in Resources */ = {isa = PBXBuildFile; fileRef = 332E6CF025971C7100770701 /* Main.storyboard */; };
		332E6CF425971C7400770701 /* Assets.xcassets in Resources */ = {isa = PBXBuildFile; fileRef = 332E6CF325971C7400770701 /* Assets.xcassets */; };
		332E6CF725971C7400770701 /* LaunchScreen.storyboard in Resources */ = {isa = PBXBuildFile; fileRef = 332E6CF525971C7400770701 /* LaunchScreen.storyboard */; };
		332E6D2425971D1800770701 /* RemoteFeedLoaderTests.swift in Sources */ = {isa = PBXBuildFile; fileRef = 332E6D2325971D1800770701 /* RemoteFeedLoaderTests.swift */; };
		332E6D2F2597338100770701 /* RemoteFeedLoader.swift in Sources */ = {isa = PBXBuildFile; fileRef = 332E6D2E2597338100770701 /* RemoteFeedLoader.swift */; };
		3350905625A5EBE1005365DD /* URLSessionHTTPClientTests.swift in Sources */ = {isa = PBXBuildFile; fileRef = 3350905525A5EBE1005365DD /* URLSessionHTTPClientTests.swift */; };
		3389B5E525988314000C8953 /* FeedItem.swift in Sources */ = {isa = PBXBuildFile; fileRef = 3389B5E425988314000C8953 /* FeedItem.swift */; };
		33A1A45725A74C8F008D3C2C /* XCTestCaseHelperTracking.swift in Sources */ = {isa = PBXBuildFile; fileRef = 33A1A45625A74C8F008D3C2C /* XCTestCaseHelperTracking.swift */; };
		33A724F92598AA46004D6AAB /* HTTPClient.swift in Sources */ = {isa = PBXBuildFile; fileRef = 33A724F82598AA46004D6AAB /* HTTPClient.swift */; };
		33A724FE2598AA65004D6AAB /* FeedItemMapper.swift in Sources */ = {isa = PBXBuildFile; fileRef = 33A724FD2598AA65004D6AAB /* FeedItemMapper.swift */; };
		33A725052598B5DC004D6AAB /* FeedLoader.swift in Sources */ = {isa = PBXBuildFile; fileRef = 33A725042598B5DC004D6AAB /* FeedLoader.swift */; };
/* End PBXBuildFile section */

/* Begin PBXContainerItemProxy section */
		332E6CFE25971C7500770701 /* PBXContainerItemProxy */ = {
			isa = PBXContainerItemProxy;
			containerPortal = 332E6CDF25971C7100770701 /* Project object */;
			proxyType = 1;
			remoteGlobalIDString = 332E6CE625971C7100770701;
			remoteInfo = NetworkModularization;
		};
		332E6D0925971C7500770701 /* PBXContainerItemProxy */ = {
			isa = PBXContainerItemProxy;
			containerPortal = 332E6CDF25971C7100770701 /* Project object */;
			proxyType = 1;
			remoteGlobalIDString = 332E6CE625971C7100770701;
			remoteInfo = NetworkModularization;
		};
/* End PBXContainerItemProxy section */

/* Begin PBXFileReference section */
		332E6CE725971C7100770701 /* NetworkModularization.app */ = {isa = PBXFileReference; explicitFileType = wrapper.application; includeInIndex = 0; path = NetworkModularization.app; sourceTree = BUILT_PRODUCTS_DIR; };
		332E6CEA25971C7100770701 /* AppDelegate.swift */ = {isa = PBXFileReference; lastKnownFileType = sourcecode.swift; path = AppDelegate.swift; sourceTree = "<group>"; };
		332E6CEC25971C7100770701 /* SceneDelegate.swift */ = {isa = PBXFileReference; lastKnownFileType = sourcecode.swift; path = SceneDelegate.swift; sourceTree = "<group>"; };
		332E6CEE25971C7100770701 /* ViewController.swift */ = {isa = PBXFileReference; lastKnownFileType = sourcecode.swift; path = ViewController.swift; sourceTree = "<group>"; };
		332E6CF125971C7100770701 /* Base */ = {isa = PBXFileReference; lastKnownFileType = file.storyboard; name = Base; path = Base.lproj/Main.storyboard; sourceTree = "<group>"; };
		332E6CF325971C7400770701 /* Assets.xcassets */ = {isa = PBXFileReference; lastKnownFileType = folder.assetcatalog; path = Assets.xcassets; sourceTree = "<group>"; };
		332E6CF625971C7400770701 /* Base */ = {isa = PBXFileReference; lastKnownFileType = file.storyboard; name = Base; path = Base.lproj/LaunchScreen.storyboard; sourceTree = "<group>"; };
		332E6CF825971C7400770701 /* Info.plist */ = {isa = PBXFileReference; lastKnownFileType = text.plist.xml; path = Info.plist; sourceTree = "<group>"; };
		332E6CFD25971C7500770701 /* NetworkModularizationTests.xctest */ = {isa = PBXFileReference; explicitFileType = wrapper.cfbundle; includeInIndex = 0; path = NetworkModularizationTests.xctest; sourceTree = BUILT_PRODUCTS_DIR; };
		332E6D0325971C7500770701 /* Info.plist */ = {isa = PBXFileReference; lastKnownFileType = text.plist.xml; path = Info.plist; sourceTree = "<group>"; };
		332E6D0825971C7500770701 /* .xctest */ = {isa = PBXFileReference; explicitFileType = wrapper.cfbundle; includeInIndex = 0; path = .xctest; sourceTree = BUILT_PRODUCTS_DIR; };
		332E6D2325971D1800770701 /* RemoteFeedLoaderTests.swift */ = {isa = PBXFileReference; lastKnownFileType = sourcecode.swift; path = RemoteFeedLoaderTests.swift; sourceTree = "<group>"; };
		332E6D2E2597338100770701 /* RemoteFeedLoader.swift */ = {isa = PBXFileReference; lastKnownFileType = sourcecode.swift; path = RemoteFeedLoader.swift; sourceTree = "<group>"; };
		3350905525A5EBE1005365DD /* URLSessionHTTPClientTests.swift */ = {isa = PBXFileReference; lastKnownFileType = sourcecode.swift; path = URLSessionHTTPClientTests.swift; sourceTree = "<group>"; };
		3389B5E425988314000C8953 /* FeedItem.swift */ = {isa = PBXFileReference; lastKnownFileType = sourcecode.swift; path = FeedItem.swift; sourceTree = "<group>"; };
		33A1A45625A74C8F008D3C2C /* XCTestCaseHelperTracking.swift */ = {isa = PBXFileReference; lastKnownFileType = sourcecode.swift; path = XCTestCaseHelperTracking.swift; sourceTree = "<group>"; };
		33A724F82598AA46004D6AAB /* HTTPClient.swift */ = {isa = PBXFileReference; lastKnownFileType = sourcecode.swift; path = HTTPClient.swift; sourceTree = "<group>"; };
		33A724FD2598AA65004D6AAB /* FeedItemMapper.swift */ = {isa = PBXFileReference; lastKnownFileType = sourcecode.swift; path = FeedItemMapper.swift; sourceTree = "<group>"; };
		33A725042598B5DC004D6AAB /* FeedLoader.swift */ = {isa = PBXFileReference; lastKnownFileType = sourcecode.swift; path = FeedLoader.swift; sourceTree = "<group>"; };
/* End PBXFileReference section */

/* Begin PBXFrameworksBuildPhase section */
		332E6CE425971C7100770701 /* Frameworks */ = {
			isa = PBXFrameworksBuildPhase;
			buildActionMask = 2147483647;
			files = (
			);
			runOnlyForDeploymentPostprocessing = 0;
		};
		332E6CFA25971C7500770701 /* Frameworks */ = {
			isa = PBXFrameworksBuildPhase;
			buildActionMask = 2147483647;
			files = (
			);
			runOnlyForDeploymentPostprocessing = 0;
		};
		332E6D0525971C7500770701 /* Frameworks */ = {
			isa = PBXFrameworksBuildPhase;
			buildActionMask = 2147483647;
			files = (
			);
			runOnlyForDeploymentPostprocessing = 0;
		};
/* End PBXFrameworksBuildPhase section */

/* Begin PBXGroup section */
		332E6CDE25971C7100770701 = {
			isa = PBXGroup;
			children = (
				332E6CE925971C7100770701 /* NetworkModularization */,
				332E6D0025971C7500770701 /* NetworkModularizationTests */,
				332E6CE825971C7100770701 /* Products */,
			);
			sourceTree = "<group>";
		};
		332E6CE825971C7100770701 /* Products */ = {
			isa = PBXGroup;
			children = (
				332E6CE725971C7100770701 /* NetworkModularization.app */,
				332E6CFD25971C7500770701 /* NetworkModularizationTests.xctest */,
				332E6D0825971C7500770701 /* .xctest */,
			);
			name = Products;
			sourceTree = "<group>";
		};
		332E6CE925971C7100770701 /* NetworkModularization */ = {
			isa = PBXGroup;
			children = (
				33A725032598B5C6004D6AAB /* Feed Feature */,
				33A725022598B5B0004D6AAB /* Feed API */,
				332E6CEA25971C7100770701 /* AppDelegate.swift */,
				332E6CEC25971C7100770701 /* SceneDelegate.swift */,
				332E6CEE25971C7100770701 /* ViewController.swift */,
				332E6CF025971C7100770701 /* Main.storyboard */,
				332E6CF325971C7400770701 /* Assets.xcassets */,
				332E6CF525971C7400770701 /* LaunchScreen.storyboard */,
				332E6CF825971C7400770701 /* Info.plist */,
			);
			path = NetworkModularization;
			sourceTree = "<group>";
		};
		332E6D0025971C7500770701 /* NetworkModularizationTests */ = {
			isa = PBXGroup;
			children = (
				33A7250C2598B5F8004D6AAB /* Feed API */,
				332E6D0325971C7500770701 /* Info.plist */,
			);
			path = NetworkModularizationTests;
			sourceTree = "<group>";
		};
		33A725022598B5B0004D6AAB /* Feed API */ = {
			isa = PBXGroup;
			children = (
				332E6D2E2597338100770701 /* RemoteFeedLoader.swift */,
				33A724F82598AA46004D6AAB /* HTTPClient.swift */,
				33A724FD2598AA65004D6AAB /* FeedItemMapper.swift */,
			);
			path = "Feed API";
			sourceTree = "<group>";
		};
		33A725032598B5C6004D6AAB /* Feed Feature */ = {
			isa = PBXGroup;
			children = (
				3389B5E425988314000C8953 /* FeedItem.swift */,
				33A725042598B5DC004D6AAB /* FeedLoader.swift */,
			);
			path = "Feed Feature";
			sourceTree = "<group>";
		};
		33A7250C2598B5F8004D6AAB /* Feed API */ = {
			isa = PBXGroup;
			children = (
				332E6D2325971D1800770701 /* RemoteFeedLoaderTests.swift */,
				3350905525A5EBE1005365DD /* URLSessionHTTPClientTests.swift */,
				33A1A45625A74C8F008D3C2C /* XCTestCaseHelperTracking.swift */,
			);
			path = "Feed API";
			sourceTree = "<group>";
		};
/* End PBXGroup section */

/* Begin PBXNativeTarget section */
		332E6CE625971C7100770701 /* NetworkModularization */ = {
			isa = PBXNativeTarget;
			buildConfigurationList = 332E6D1125971C7500770701 /* Build configuration list for PBXNativeTarget "NetworkModularization" */;
			buildPhases = (
				332E6CE325971C7100770701 /* Sources */,
				332E6CE425971C7100770701 /* Frameworks */,
				332E6CE525971C7100770701 /* Resources */,
			);
			buildRules = (
			);
			dependencies = (
			);
			name = NetworkModularization;
			productName = NetworkModularization;
			productReference = 332E6CE725971C7100770701 /* NetworkModularization.app */;
			productType = "com.apple.product-type.application";
		};
		332E6CFC25971C7500770701 /* NetworkModularizationTests */ = {
			isa = PBXNativeTarget;
			buildConfigurationList = 332E6D1425971C7500770701 /* Build configuration list for PBXNativeTarget "NetworkModularizationTests" */;
			buildPhases = (
				332E6CF925971C7500770701 /* Sources */,
				332E6CFA25971C7500770701 /* Frameworks */,
				332E6CFB25971C7500770701 /* Resources */,
			);
			buildRules = (
			);
			dependencies = (
				332E6CFF25971C7500770701 /* PBXTargetDependency */,
			);
			name = NetworkModularizationTests;
			productName = NetworkModularizationTests;
			productReference = 332E6CFD25971C7500770701 /* NetworkModularizationTests.xctest */;
			productType = "com.apple.product-type.bundle.unit-test";
		};
		332E6D0725971C7500770701 /* NetworkModularizationUITests */ = {
			isa = PBXNativeTarget;
			buildConfigurationList = 332E6D1725971C7500770701 /* Build configuration list for PBXNativeTarget "NetworkModularizationUITests" */;
			buildPhases = (
				332E6D0425971C7500770701 /* Sources */,
				332E6D0525971C7500770701 /* Frameworks */,
				332E6D0625971C7500770701 /* Resources */,
			);
			buildRules = (
			);
			dependencies = (
				332E6D0A25971C7500770701 /* PBXTargetDependency */,
			);
			name = NetworkModularizationUITests;
			productName = NetworkModularizationUITests;
			productReference = 332E6D0825971C7500770701 /* .xctest */;
			productType = "com.apple.product-type.bundle.ui-testing";
		};
/* End PBXNativeTarget section */

/* Begin PBXProject section */
		332E6CDF25971C7100770701 /* Project object */ = {
			isa = PBXProject;
			attributes = {
				LastSwiftUpdateCheck = 1200;
				LastUpgradeCheck = 1200;
				TargetAttributes = {
					332E6CE625971C7100770701 = {
						CreatedOnToolsVersion = 12.0.1;
					};
					332E6CFC25971C7500770701 = {
						CreatedOnToolsVersion = 12.0.1;
						LastSwiftMigration = 1230;
						TestTargetID = 332E6CE625971C7100770701;
					};
					332E6D0725971C7500770701 = {
						CreatedOnToolsVersion = 12.0.1;
						TestTargetID = 332E6CE625971C7100770701;
					};
				};
			};
			buildConfigurationList = 332E6CE225971C7100770701 /* Build configuration list for PBXProject "NetworkModularization" */;
			compatibilityVersion = "Xcode 9.3";
			developmentRegion = en;
			hasScannedForEncodings = 0;
			knownRegions = (
				en,
				Base,
			);
			mainGroup = 332E6CDE25971C7100770701;
			productRefGroup = 332E6CE825971C7100770701 /* Products */;
			projectDirPath = "";
			projectRoot = "";
			targets = (
				332E6CE625971C7100770701 /* NetworkModularization */,
				332E6CFC25971C7500770701 /* NetworkModularizationTests */,
				332E6D0725971C7500770701 /* NetworkModularizationUITests */,
			);
		};
/* End PBXProject section */

/* Begin PBXResourcesBuildPhase section */
		332E6CE525971C7100770701 /* Resources */ = {
			isa = PBXResourcesBuildPhase;
			buildActionMask = 2147483647;
			files = (
				332E6CF725971C7400770701 /* LaunchScreen.storyboard in Resources */,
				332E6CF425971C7400770701 /* Assets.xcassets in Resources */,
				332E6CF225971C7100770701 /* Main.storyboard in Resources */,
			);
			runOnlyForDeploymentPostprocessing = 0;
		};
		332E6CFB25971C7500770701 /* Resources */ = {
			isa = PBXResourcesBuildPhase;
			buildActionMask = 2147483647;
			files = (
			);
			runOnlyForDeploymentPostprocessing = 0;
		};
		332E6D0625971C7500770701 /* Resources */ = {
			isa = PBXResourcesBuildPhase;
			buildActionMask = 2147483647;
			files = (
			);
			runOnlyForDeploymentPostprocessing = 0;
		};
/* End PBXResourcesBuildPhase section */

/* Begin PBXSourcesBuildPhase section */
		332E6CE325971C7100770701 /* Sources */ = {
			isa = PBXSourcesBuildPhase;
			buildActionMask = 2147483647;
			files = (
				332E6D2F2597338100770701 /* RemoteFeedLoader.swift in Sources */,
				332E6CEF25971C7100770701 /* ViewController.swift in Sources */,
				33A724F92598AA46004D6AAB /* HTTPClient.swift in Sources */,
				332E6CEB25971C7100770701 /* AppDelegate.swift in Sources */,
				3389B5E525988314000C8953 /* FeedItem.swift in Sources */,
				33A724FE2598AA65004D6AAB /* FeedItemMapper.swift in Sources */,
				33A725052598B5DC004D6AAB /* FeedLoader.swift in Sources */,
				332E6CED25971C7100770701 /* SceneDelegate.swift in Sources */,
			);
			runOnlyForDeploymentPostprocessing = 0;
		};
		332E6CF925971C7500770701 /* Sources */ = {
			isa = PBXSourcesBuildPhase;
			buildActionMask = 2147483647;
			files = (
				33A1A45725A74C8F008D3C2C /* XCTestCaseHelperTracking.swift in Sources */,
				332E6D2425971D1800770701 /* RemoteFeedLoaderTests.swift in Sources */,
				3350905625A5EBE1005365DD /* URLSessionHTTPClientTests.swift in Sources */,
			);
			runOnlyForDeploymentPostprocessing = 0;
		};
		332E6D0425971C7500770701 /* Sources */ = {
			isa = PBXSourcesBuildPhase;
			buildActionMask = 2147483647;
			files = (
			);
			runOnlyForDeploymentPostprocessing = 0;
		};
/* End PBXSourcesBuildPhase section */

/* Begin PBXTargetDependency section */
		332E6CFF25971C7500770701 /* PBXTargetDependency */ = {
			isa = PBXTargetDependency;
			target = 332E6CE625971C7100770701 /* NetworkModularization */;
			targetProxy = 332E6CFE25971C7500770701 /* PBXContainerItemProxy */;
		};
		332E6D0A25971C7500770701 /* PBXTargetDependency */ = {
			isa = PBXTargetDependency;
			target = 332E6CE625971C7100770701 /* NetworkModularization */;
			targetProxy = 332E6D0925971C7500770701 /* PBXContainerItemProxy */;
		};
/* End PBXTargetDependency section */

/* Begin PBXVariantGroup section */
		332E6CF025971C7100770701 /* Main.storyboard */ = {
			isa = PBXVariantGroup;
			children = (
				332E6CF125971C7100770701 /* Base */,
			);
			name = Main.storyboard;
			sourceTree = "<group>";
		};
		332E6CF525971C7400770701 /* LaunchScreen.storyboard */ = {
			isa = PBXVariantGroup;
			children = (
				332E6CF625971C7400770701 /* Base */,
			);
			name = LaunchScreen.storyboard;
			sourceTree = "<group>";
		};
/* End PBXVariantGroup section */

/* Begin XCBuildConfiguration section */
		332E6D0F25971C7500770701 /* Debug */ = {
			isa = XCBuildConfiguration;
			buildSettings = {
				ALWAYS_SEARCH_USER_PATHS = NO;
				CLANG_ANALYZER_NONNULL = YES;
				CLANG_ANALYZER_NUMBER_OBJECT_CONVERSION = YES_AGGRESSIVE;
				CLANG_CXX_LANGUAGE_STANDARD = "gnu++14";
				CLANG_CXX_LIBRARY = "libc++";
				CLANG_ENABLE_MODULES = YES;
				CLANG_ENABLE_OBJC_ARC = YES;
				CLANG_ENABLE_OBJC_WEAK = YES;
				CLANG_WARN_BLOCK_CAPTURE_AUTORELEASING = YES;
				CLANG_WARN_BOOL_CONVERSION = YES;
				CLANG_WARN_COMMA = YES;
				CLANG_WARN_CONSTANT_CONVERSION = YES;
				CLANG_WARN_DEPRECATED_OBJC_IMPLEMENTATIONS = YES;
				CLANG_WARN_DIRECT_OBJC_ISA_USAGE = YES_ERROR;
				CLANG_WARN_DOCUMENTATION_COMMENTS = YES;
				CLANG_WARN_EMPTY_BODY = YES;
				CLANG_WARN_ENUM_CONVERSION = YES;
				CLANG_WARN_INFINITE_RECURSION = YES;
				CLANG_WARN_INT_CONVERSION = YES;
				CLANG_WARN_NON_LITERAL_NULL_CONVERSION = YES;
				CLANG_WARN_OBJC_IMPLICIT_RETAIN_SELF = YES;
				CLANG_WARN_OBJC_LITERAL_CONVERSION = YES;
				CLANG_WARN_OBJC_ROOT_CLASS = YES_ERROR;
				CLANG_WARN_QUOTED_INCLUDE_IN_FRAMEWORK_HEADER = YES;
				CLANG_WARN_RANGE_LOOP_ANALYSIS = YES;
				CLANG_WARN_STRICT_PROTOTYPES = YES;
				CLANG_WARN_SUSPICIOUS_MOVE = YES;
				CLANG_WARN_UNGUARDED_AVAILABILITY = YES_AGGRESSIVE;
				CLANG_WARN_UNREACHABLE_CODE = YES;
				CLANG_WARN__DUPLICATE_METHOD_MATCH = YES;
				COPY_PHASE_STRIP = NO;
				DEBUG_INFORMATION_FORMAT = dwarf;
				ENABLE_STRICT_OBJC_MSGSEND = YES;
				ENABLE_TESTABILITY = YES;
				GCC_C_LANGUAGE_STANDARD = gnu11;
				GCC_DYNAMIC_NO_PIC = NO;
				GCC_NO_COMMON_BLOCKS = YES;
				GCC_OPTIMIZATION_LEVEL = 0;
				GCC_PREPROCESSOR_DEFINITIONS = (
					"DEBUG=1",
					"$(inherited)",
				);
				GCC_WARN_64_TO_32_BIT_CONVERSION = YES;
				GCC_WARN_ABOUT_RETURN_TYPE = YES_ERROR;
				GCC_WARN_UNDECLARED_SELECTOR = YES;
				GCC_WARN_UNINITIALIZED_AUTOS = YES_AGGRESSIVE;
				GCC_WARN_UNUSED_FUNCTION = YES;
				GCC_WARN_UNUSED_VARIABLE = YES;
				IPHONEOS_DEPLOYMENT_TARGET = 14.0;
				MTL_ENABLE_DEBUG_INFO = INCLUDE_SOURCE;
				MTL_FAST_MATH = YES;
				ONLY_ACTIVE_ARCH = YES;
				SDKROOT = iphoneos;
				SWIFT_ACTIVE_COMPILATION_CONDITIONS = DEBUG;
				SWIFT_OPTIMIZATION_LEVEL = "-Onone";
			};
			name = Debug;
		};
		332E6D1025971C7500770701 /* Release */ = {
			isa = XCBuildConfiguration;
			buildSettings = {
				ALWAYS_SEARCH_USER_PATHS = NO;
				CLANG_ANALYZER_NONNULL = YES;
				CLANG_ANALYZER_NUMBER_OBJECT_CONVERSION = YES_AGGRESSIVE;
				CLANG_CXX_LANGUAGE_STANDARD = "gnu++14";
				CLANG_CXX_LIBRARY = "libc++";
				CLANG_ENABLE_MODULES = YES;
				CLANG_ENABLE_OBJC_ARC = YES;
				CLANG_ENABLE_OBJC_WEAK = YES;
				CLANG_WARN_BLOCK_CAPTURE_AUTORELEASING = YES;
				CLANG_WARN_BOOL_CONVERSION = YES;
				CLANG_WARN_COMMA = YES;
				CLANG_WARN_CONSTANT_CONVERSION = YES;
				CLANG_WARN_DEPRECATED_OBJC_IMPLEMENTATIONS = YES;
				CLANG_WARN_DIRECT_OBJC_ISA_USAGE = YES_ERROR;
				CLANG_WARN_DOCUMENTATION_COMMENTS = YES;
				CLANG_WARN_EMPTY_BODY = YES;
				CLANG_WARN_ENUM_CONVERSION = YES;
				CLANG_WARN_INFINITE_RECURSION = YES;
				CLANG_WARN_INT_CONVERSION = YES;
				CLANG_WARN_NON_LITERAL_NULL_CONVERSION = YES;
				CLANG_WARN_OBJC_IMPLICIT_RETAIN_SELF = YES;
				CLANG_WARN_OBJC_LITERAL_CONVERSION = YES;
				CLANG_WARN_OBJC_ROOT_CLASS = YES_ERROR;
				CLANG_WARN_QUOTED_INCLUDE_IN_FRAMEWORK_HEADER = YES;
				CLANG_WARN_RANGE_LOOP_ANALYSIS = YES;
				CLANG_WARN_STRICT_PROTOTYPES = YES;
				CLANG_WARN_SUSPICIOUS_MOVE = YES;
				CLANG_WARN_UNGUARDED_AVAILABILITY = YES_AGGRESSIVE;
				CLANG_WARN_UNREACHABLE_CODE = YES;
				CLANG_WARN__DUPLICATE_METHOD_MATCH = YES;
				COPY_PHASE_STRIP = NO;
				DEBUG_INFORMATION_FORMAT = "dwarf-with-dsym";
				ENABLE_NS_ASSERTIONS = NO;
				ENABLE_STRICT_OBJC_MSGSEND = YES;
				GCC_C_LANGUAGE_STANDARD = gnu11;
				GCC_NO_COMMON_BLOCKS = YES;
				GCC_WARN_64_TO_32_BIT_CONVERSION = YES;
				GCC_WARN_ABOUT_RETURN_TYPE = YES_ERROR;
				GCC_WARN_UNDECLARED_SELECTOR = YES;
				GCC_WARN_UNINITIALIZED_AUTOS = YES_AGGRESSIVE;
				GCC_WARN_UNUSED_FUNCTION = YES;
				GCC_WARN_UNUSED_VARIABLE = YES;
				IPHONEOS_DEPLOYMENT_TARGET = 14.0;
				MTL_ENABLE_DEBUG_INFO = NO;
				MTL_FAST_MATH = YES;
				SDKROOT = iphoneos;
				SWIFT_COMPILATION_MODE = wholemodule;
				SWIFT_OPTIMIZATION_LEVEL = "-O";
				VALIDATE_PRODUCT = YES;
			};
			name = Release;
		};
		332E6D1225971C7500770701 /* Debug */ = {
			isa = XCBuildConfiguration;
			buildSettings = {
				ASSETCATALOG_COMPILER_APPICON_NAME = AppIcon;
				ASSETCATALOG_COMPILER_GLOBAL_ACCENT_COLOR_NAME = AccentColor;
				CODE_SIGN_STYLE = Automatic;
				DEVELOPMENT_TEAM = MX45P48B86;
				INFOPLIST_FILE = NetworkModularization/Info.plist;
				LD_RUNPATH_SEARCH_PATHS = (
					"$(inherited)",
					"@executable_path/Frameworks",
				);
				PRODUCT_BUNDLE_IDENTIFIER = com.samsclub.addressModule.NetworkModularization;
				PRODUCT_NAME = "$(TARGET_NAME)";
				SWIFT_VERSION = 5.0;
				TARGETED_DEVICE_FAMILY = "1,2";
			};
			name = Debug;
		};
		332E6D1325971C7500770701 /* Release */ = {
			isa = XCBuildConfiguration;
			buildSettings = {
				ASSETCATALOG_COMPILER_APPICON_NAME = AppIcon;
				ASSETCATALOG_COMPILER_GLOBAL_ACCENT_COLOR_NAME = AccentColor;
				CODE_SIGN_STYLE = Automatic;
				DEVELOPMENT_TEAM = MX45P48B86;
				INFOPLIST_FILE = NetworkModularization/Info.plist;
				LD_RUNPATH_SEARCH_PATHS = (
					"$(inherited)",
					"@executable_path/Frameworks",
				);
				PRODUCT_BUNDLE_IDENTIFIER = com.samsclub.addressModule.NetworkModularization;
				PRODUCT_NAME = "$(TARGET_NAME)";
				SWIFT_VERSION = 5.0;
				TARGETED_DEVICE_FAMILY = "1,2";
			};
			name = Release;
		};
		332E6D1525971C7500770701 /* Debug */ = {
			isa = XCBuildConfiguration;
			buildSettings = {
				ALWAYS_EMBED_SWIFT_STANDARD_LIBRARIES = YES;
				BUNDLE_LOADER = "$(TEST_HOST)";
				CLANG_ENABLE_MODULES = YES;
				CODE_SIGN_STYLE = Automatic;
				DEVELOPMENT_TEAM = MX45P48B86;
				INFOPLIST_FILE = NetworkModularizationTests/Info.plist;
				IPHONEOS_DEPLOYMENT_TARGET = 14.0;
				LD_RUNPATH_SEARCH_PATHS = (
					"$(inherited)",
					"@executable_path/Frameworks",
					"@loader_path/Frameworks",
				);
				PRODUCT_BUNDLE_IDENTIFIER = com.samsclub.addressModule.NetworkModularizationTests;
				PRODUCT_NAME = "$(TARGET_NAME)";
				SWIFT_OPTIMIZATION_LEVEL = "-Onone";
				SWIFT_VERSION = 5.0;
				TARGETED_DEVICE_FAMILY = "1,2";
				TEST_HOST = "$(BUILT_PRODUCTS_DIR)/NetworkModularization.app/NetworkModularization";
			};
			name = Debug;
		};
		332E6D1625971C7500770701 /* Release */ = {
			isa = XCBuildConfiguration;
			buildSettings = {
				ALWAYS_EMBED_SWIFT_STANDARD_LIBRARIES = YES;
				BUNDLE_LOADER = "$(TEST_HOST)";
				CLANG_ENABLE_MODULES = YES;
				CODE_SIGN_STYLE = Automatic;
				DEVELOPMENT_TEAM = MX45P48B86;
				INFOPLIST_FILE = NetworkModularizationTests/Info.plist;
				IPHONEOS_DEPLOYMENT_TARGET = 14.0;
				LD_RUNPATH_SEARCH_PATHS = (
					"$(inherited)",
					"@executable_path/Frameworks",
					"@loader_path/Frameworks",
				);
				PRODUCT_BUNDLE_IDENTIFIER = com.samsclub.addressModule.NetworkModularizationTests;
				PRODUCT_NAME = "$(TARGET_NAME)";
				SWIFT_VERSION = 5.0;
				TARGETED_DEVICE_FAMILY = "1,2";
				TEST_HOST = "$(BUILT_PRODUCTS_DIR)/NetworkModularization.app/NetworkModularization";
			};
			name = Release;
		};
		332E6D1825971C7500770701 /* Debug */ = {
			isa = XCBuildConfiguration;
			buildSettings = {
				ALWAYS_EMBED_SWIFT_STANDARD_LIBRARIES = YES;
				CODE_SIGN_STYLE = Automatic;
				DEVELOPMENT_TEAM = MX45P48B86;
				INFOPLIST_FILE = "";
				LD_RUNPATH_SEARCH_PATHS = (
					"$(inherited)",
					"@executable_path/Frameworks",
					"@loader_path/Frameworks",
				);
				PRODUCT_BUNDLE_IDENTIFIER = "";
				PRODUCT_MODULE_NAME = "";
				PRODUCT_NAME = "";
				SWIFT_VERSION = 5.0;
				TARGETED_DEVICE_FAMILY = "1,2";
				TEST_TARGET_NAME = NetworkModularization;
			};
			name = Debug;
		};
		332E6D1925971C7500770701 /* Release */ = {
			isa = XCBuildConfiguration;
			buildSettings = {
				ALWAYS_EMBED_SWIFT_STANDARD_LIBRARIES = YES;
				CODE_SIGN_STYLE = Automatic;
				DEVELOPMENT_TEAM = MX45P48B86;
				INFOPLIST_FILE = "";
				LD_RUNPATH_SEARCH_PATHS = (
					"$(inherited)",
					"@executable_path/Frameworks",
					"@loader_path/Frameworks",
				);
				PRODUCT_BUNDLE_IDENTIFIER = "";
				PRODUCT_MODULE_NAME = "";
				PRODUCT_NAME = "";
				SWIFT_VERSION = 5.0;
				TARGETED_DEVICE_FAMILY = "1,2";
				TEST_TARGET_NAME = NetworkModularization;
			};
			name = Release;
		};
/* End XCBuildConfiguration section */

/* Begin XCConfigurationList section */
		332E6CE225971C7100770701 /* Build configuration list for PBXProject "NetworkModularization" */ = {
			isa = XCConfigurationList;
			buildConfigurations = (
				332E6D0F25971C7500770701 /* Debug */,
				332E6D1025971C7500770701 /* Release */,
			);
			defaultConfigurationIsVisible = 0;
			defaultConfigurationName = Release;
		};
		332E6D1125971C7500770701 /* Build configuration list for PBXNativeTarget "NetworkModularization" */ = {
			isa = XCConfigurationList;
			buildConfigurations = (
				332E6D1225971C7500770701 /* Debug */,
				332E6D1325971C7500770701 /* Release */,
			);
			defaultConfigurationIsVisible = 0;
			defaultConfigurationName = Release;
		};
		332E6D1425971C7500770701 /* Build configuration list for PBXNativeTarget "NetworkModularizationTests" */ = {
			isa = XCConfigurationList;
			buildConfigurations = (
				332E6D1525971C7500770701 /* Debug */,
				332E6D1625971C7500770701 /* Release */,
			);
			defaultConfigurationIsVisible = 0;
			defaultConfigurationName = Release;
		};
		332E6D1725971C7500770701 /* Build configuration list for PBXNativeTarget "NetworkModularizationUITests" */ = {
			isa = XCConfigurationList;
			buildConfigurations = (
				332E6D1825971C7500770701 /* Debug */,
				332E6D1925971C7500770701 /* Release */,
			);
			defaultConfigurationIsVisible = 0;
			defaultConfigurationName = Release;
		};
/* End XCConfigurationList section */
	};
	rootObject = 332E6CDF25971C7100770701 /* Project object */;
}
